// !$*UTF8*$!
{
	archiveVersion = 1;
	classes = {
	};
	objectVersion = 50;
	objects = {

/* Begin PBXBuildFile section */
		952142B82633954600F8E696 /* main.swift in Sources */ = {isa = PBXBuildFile; fileRef = 952142B72633954600F8E696 /* main.swift */; };
		952142DC2633957C00F8E696 /* OnlyLonelyParser.swift in Sources */ = {isa = PBXBuildFile; fileRef = 952142D12633957C00F8E696 /* OnlyLonelyParser.swift */; };
		952142DD2633957C00F8E696 /* OnlyLonelyLexerATN.swift in Sources */ = {isa = PBXBuildFile; fileRef = 952142D32633957C00F8E696 /* OnlyLonelyLexerATN.swift */; };
		952142DE2633957C00F8E696 /* OnlyLonelyParserATN.swift in Sources */ = {isa = PBXBuildFile; fileRef = 952142D42633957C00F8E696 /* OnlyLonelyParserATN.swift */; };
		952142DF2633957C00F8E696 /* OnlyLonelyBaseListener.swift in Sources */ = {isa = PBXBuildFile; fileRef = 952142D52633957C00F8E696 /* OnlyLonelyBaseListener.swift */; };
		952142E02633957C00F8E696 /* OnlyLonelyLexer.swift in Sources */ = {isa = PBXBuildFile; fileRef = 952142D72633957C00F8E696 /* OnlyLonelyLexer.swift */; };
		952142E12633957C00F8E696 /* OnlyLonelyListener.swift in Sources */ = {isa = PBXBuildFile; fileRef = 952142DB2633957C00F8E696 /* OnlyLonelyListener.swift */; };
		952142E62633959500F8E696 /* Antlr4.framework in Frameworks */ = {isa = PBXBuildFile; fileRef = 952142C72633955700F8E696 /* Antlr4.framework */; };
		952142F02633A23400F8E696 /* MyCustomListener.swift in Sources */ = {isa = PBXBuildFile; fileRef = 952142EF2633A23400F8E696 /* MyCustomListener.swift */; };
		95773DFF2634E738008E0419 /* SwiftExtensions.swift in Sources */ = {isa = PBXBuildFile; fileRef = 95773DFE2634E738008E0419 /* SwiftExtensions.swift */; };
		95FFF045263C628E00F3E54D /* SemanticCube.swift in Sources */ = {isa = PBXBuildFile; fileRef = 95FFF044263C628E00F3E54D /* SemanticCube.swift */; };
/* End PBXBuildFile section */

/* Begin PBXContainerItemProxy section */
		952142C62633955700F8E696 /* PBXContainerItemProxy */ = {
			isa = PBXContainerItemProxy;
			containerPortal = 952142BF2633955700F8E696 /* Antlr4.xcodeproj */;
			proxyType = 2;
			remoteGlobalIDString = "Antlr4::Antlr4::Product";
			remoteInfo = Antlr4;
		};
		952142C82633955700F8E696 /* PBXContainerItemProxy */ = {
			isa = PBXContainerItemProxy;
			containerPortal = 952142BF2633955700F8E696 /* Antlr4.xcodeproj */;
			proxyType = 2;
			remoteGlobalIDString = "Antlr4::Antlr4Tests::Product";
			remoteInfo = Antlr4Tests;
		};
		952142E32633958B00F8E696 /* PBXContainerItemProxy */ = {
			isa = PBXContainerItemProxy;
			containerPortal = 952142BF2633955700F8E696 /* Antlr4.xcodeproj */;
			proxyType = 1;
			remoteGlobalIDString = "Antlr4::Antlr4";
			remoteInfo = Antlr4;
		};
/* End PBXContainerItemProxy section */

/* Begin PBXCopyFilesBuildPhase section */
		952142B22633954600F8E696 /* CopyFiles */ = {
			isa = PBXCopyFilesBuildPhase;
			buildActionMask = 2147483647;
			dstPath = /usr/share/man/man1/;
			dstSubfolderSpec = 0;
			files = (
			);
			runOnlyForDeploymentPostprocessing = 1;
		};
/* End PBXCopyFilesBuildPhase section */

/* Begin PBXFileReference section */
		952142B42633954600F8E696 /* OnlyLonely */ = {isa = PBXFileReference; explicitFileType = "compiled.mach-o.executable"; includeInIndex = 0; path = OnlyLonely; sourceTree = BUILT_PRODUCTS_DIR; };
		952142B72633954600F8E696 /* main.swift */ = {isa = PBXFileReference; lastKnownFileType = sourcecode.swift; path = main.swift; sourceTree = "<group>"; };
		952142BF2633955700F8E696 /* Antlr4.xcodeproj */ = {isa = PBXFileReference; lastKnownFileType = "wrapper.pb-project"; name = Antlr4.xcodeproj; path = ../../../../../../Desktop/antlr4/runtime/Swift/Antlr4.xcodeproj; sourceTree = "<group>"; };
		952142D12633957C00F8E696 /* OnlyLonelyParser.swift */ = {isa = PBXFileReference; fileEncoding = 4; lastKnownFileType = sourcecode.swift; path = OnlyLonelyParser.swift; sourceTree = "<group>"; };
		952142D22633957C00F8E696 /* OnlyLonely.interp */ = {isa = PBXFileReference; fileEncoding = 4; lastKnownFileType = text; path = OnlyLonely.interp; sourceTree = "<group>"; };
		952142D32633957C00F8E696 /* OnlyLonelyLexerATN.swift */ = {isa = PBXFileReference; fileEncoding = 4; lastKnownFileType = sourcecode.swift; path = OnlyLonelyLexerATN.swift; sourceTree = "<group>"; };
		952142D42633957C00F8E696 /* OnlyLonelyParserATN.swift */ = {isa = PBXFileReference; fileEncoding = 4; lastKnownFileType = sourcecode.swift; path = OnlyLonelyParserATN.swift; sourceTree = "<group>"; };
		952142D52633957C00F8E696 /* OnlyLonelyBaseListener.swift */ = {isa = PBXFileReference; fileEncoding = 4; lastKnownFileType = sourcecode.swift; path = OnlyLonelyBaseListener.swift; sourceTree = "<group>"; };
		952142D62633957C00F8E696 /* OnlyLonelyLexer.interp */ = {isa = PBXFileReference; fileEncoding = 4; lastKnownFileType = text; path = OnlyLonelyLexer.interp; sourceTree = "<group>"; };
		952142D72633957C00F8E696 /* OnlyLonelyLexer.swift */ = {isa = PBXFileReference; fileEncoding = 4; lastKnownFileType = sourcecode.swift; path = OnlyLonelyLexer.swift; sourceTree = "<group>"; };
		952142D82633957C00F8E696 /* OnlyLonelyLexer.tokens */ = {isa = PBXFileReference; fileEncoding = 4; lastKnownFileType = text; path = OnlyLonelyLexer.tokens; sourceTree = "<group>"; };
		952142D92633957C00F8E696 /* OnlyLonely.g4 */ = {isa = PBXFileReference; fileEncoding = 4; lastKnownFileType = text; path = OnlyLonely.g4; sourceTree = "<group>"; };
		952142DA2633957C00F8E696 /* OnlyLonely.tokens */ = {isa = PBXFileReference; fileEncoding = 4; lastKnownFileType = text; path = OnlyLonely.tokens; sourceTree = "<group>"; };
		952142DB2633957C00F8E696 /* OnlyLonelyListener.swift */ = {isa = PBXFileReference; fileEncoding = 4; lastKnownFileType = sourcecode.swift; path = OnlyLonelyListener.swift; sourceTree = "<group>"; };
		952142EF2633A23400F8E696 /* MyCustomListener.swift */ = {isa = PBXFileReference; lastKnownFileType = sourcecode.swift; path = MyCustomListener.swift; sourceTree = "<group>"; };
		952142F32633D2B200F8E696 /* README.md */ = {isa = PBXFileReference; lastKnownFileType = net.daringfireball.markdown; path = README.md; sourceTree = "<group>"; };
		95773DFE2634E738008E0419 /* SwiftExtensions.swift */ = {isa = PBXFileReference; lastKnownFileType = sourcecode.swift; path = SwiftExtensions.swift; sourceTree = "<group>"; };
		95FFF044263C628E00F3E54D /* SemanticCube.swift */ = {isa = PBXFileReference; lastKnownFileType = sourcecode.swift; path = SemanticCube.swift; sourceTree = "<group>"; };
/* End PBXFileReference section */

/* Begin PBXFrameworksBuildPhase section */
		952142B12633954600F8E696 /* Frameworks */ = {
			isa = PBXFrameworksBuildPhase;
			buildActionMask = 2147483647;
			files = (
				952142E62633959500F8E696 /* Antlr4.framework in Frameworks */,
			);
			runOnlyForDeploymentPostprocessing = 0;
		};
/* End PBXFrameworksBuildPhase section */

/* Begin PBXGroup section */
		952142AB2633954600F8E696 = {
			isa = PBXGroup;
			children = (
				952142BF2633955700F8E696 /* Antlr4.xcodeproj */,
				952142B62633954600F8E696 /* OnlyLonely */,
				952142B52633954600F8E696 /* Products */,
				952142E52633959500F8E696 /* Frameworks */,
			);
			sourceTree = "<group>";
		};
		952142B52633954600F8E696 /* Products */ = {
			isa = PBXGroup;
			children = (
				952142B42633954600F8E696 /* OnlyLonely */,
			);
			name = Products;
			sourceTree = "<group>";
		};
		952142B62633954600F8E696 /* OnlyLonely */ = {
			isa = PBXGroup;
			children = (
				952142CF2633956900F8E696 /* Compiler */,
				952142B72633954600F8E696 /* main.swift */,
				952142F32633D2B200F8E696 /* README.md */,
			);
			path = OnlyLonely;
			sourceTree = "<group>";
		};
		952142C02633955700F8E696 /* Products */ = {
			isa = PBXGroup;
			children = (
				952142C72633955700F8E696 /* Antlr4.framework */,
				952142C92633955700F8E696 /* Antlr4Tests.xctest */,
			);
			name = Products;
			sourceTree = "<group>";
		};
		952142CF2633956900F8E696 /* Compiler */ = {
			isa = PBXGroup;
			children = (
				952142E926339A2700F8E696 /* Antlr Code */,
				952142E826339A0900F8E696 /* Dev Code */,
			);
			path = Compiler;
			sourceTree = "<group>";
		};
		952142E52633959500F8E696 /* Frameworks */ = {
			isa = PBXGroup;
			children = (
			);
			name = Frameworks;
			sourceTree = "<group>";
		};
		952142E826339A0900F8E696 /* Dev Code */ = {
			isa = PBXGroup;
			children = (
				952142EF2633A23400F8E696 /* MyCustomListener.swift */,
				95FFF044263C628E00F3E54D /* SemanticCube.swift */,
				95773DFE2634E738008E0419 /* SwiftExtensions.swift */,
			);
			path = "Dev Code";
			sourceTree = "<group>";
		};
		952142E926339A2700F8E696 /* Antlr Code */ = {
			isa = PBXGroup;
			children = (
				952142D92633957C00F8E696 /* OnlyLonely.g4 */,
				952142D22633957C00F8E696 /* OnlyLonely.interp */,
				952142DA2633957C00F8E696 /* OnlyLonely.tokens */,
				952142D52633957C00F8E696 /* OnlyLonelyBaseListener.swift */,
				952142D62633957C00F8E696 /* OnlyLonelyLexer.interp */,
				952142D72633957C00F8E696 /* OnlyLonelyLexer.swift */,
				952142D82633957C00F8E696 /* OnlyLonelyLexer.tokens */,
				952142D32633957C00F8E696 /* OnlyLonelyLexerATN.swift */,
				952142DB2633957C00F8E696 /* OnlyLonelyListener.swift */,
				952142D12633957C00F8E696 /* OnlyLonelyParser.swift */,
				952142D42633957C00F8E696 /* OnlyLonelyParserATN.swift */,
			);
			path = "Antlr Code";
			sourceTree = "<group>";
		};
/* End PBXGroup section */

/* Begin PBXNativeTarget section */
		952142B32633954600F8E696 /* OnlyLonely */ = {
			isa = PBXNativeTarget;
			buildConfigurationList = 952142BB2633954600F8E696 /* Build configuration list for PBXNativeTarget "OnlyLonely" */;
			buildPhases = (
				952142B02633954600F8E696 /* Sources */,
				952142B12633954600F8E696 /* Frameworks */,
				952142B22633954600F8E696 /* CopyFiles */,
			);
			buildRules = (
			);
			dependencies = (
				952142E42633958B00F8E696 /* PBXTargetDependency */,
			);
			name = OnlyLonely;
			productName = OnlyLonely;
			productReference = 952142B42633954600F8E696 /* OnlyLonely */;
			productType = "com.apple.product-type.tool";
		};
/* End PBXNativeTarget section */

/* Begin PBXProject section */
		952142AC2633954600F8E696 /* Project object */ = {
			isa = PBXProject;
			attributes = {
				LastSwiftUpdateCheck = 1240;
				LastUpgradeCheck = 1250;
				TargetAttributes = {
					952142B32633954600F8E696 = {
						CreatedOnToolsVersion = 12.4;
					};
				};
			};
			buildConfigurationList = 952142AF2633954600F8E696 /* Build configuration list for PBXProject "OnlyLonely" */;
			compatibilityVersion = "Xcode 9.3";
			developmentRegion = en;
			hasScannedForEncodings = 0;
			knownRegions = (
				en,
				Base,
			);
			mainGroup = 952142AB2633954600F8E696;
			productRefGroup = 952142B52633954600F8E696 /* Products */;
			projectDirPath = "";
			projectReferences = (
				{
					ProductGroup = 952142C02633955700F8E696 /* Products */;
					ProjectRef = 952142BF2633955700F8E696 /* Antlr4.xcodeproj */;
				},
			);
			projectRoot = "";
			targets = (
				952142B32633954600F8E696 /* OnlyLonely */,
			);
		};
/* End PBXProject section */

/* Begin PBXReferenceProxy section */
		952142C72633955700F8E696 /* Antlr4.framework */ = {
			isa = PBXReferenceProxy;
			fileType = wrapper.framework;
			path = Antlr4.framework;
			remoteRef = 952142C62633955700F8E696 /* PBXContainerItemProxy */;
			sourceTree = BUILT_PRODUCTS_DIR;
		};
		952142C92633955700F8E696 /* Antlr4Tests.xctest */ = {
			isa = PBXReferenceProxy;
			fileType = file;
			path = Antlr4Tests.xctest;
			remoteRef = 952142C82633955700F8E696 /* PBXContainerItemProxy */;
			sourceTree = BUILT_PRODUCTS_DIR;
		};
/* End PBXReferenceProxy section */

/* Begin PBXSourcesBuildPhase section */
		952142B02633954600F8E696 /* Sources */ = {
			isa = PBXSourcesBuildPhase;
			buildActionMask = 2147483647;
			files = (
				952142F02633A23400F8E696 /* MyCustomListener.swift in Sources */,
				952142DD2633957C00F8E696 /* OnlyLonelyLexerATN.swift in Sources */,
				95FFF045263C628E00F3E54D /* SemanticCube.swift in Sources */,
				952142E12633957C00F8E696 /* OnlyLonelyListener.swift in Sources */,
				952142DE2633957C00F8E696 /* OnlyLonelyParserATN.swift in Sources */,
				952142B82633954600F8E696 /* main.swift in Sources */,
				952142E02633957C00F8E696 /* OnlyLonelyLexer.swift in Sources */,
				952142DF2633957C00F8E696 /* OnlyLonelyBaseListener.swift in Sources */,
				952142DC2633957C00F8E696 /* OnlyLonelyParser.swift in Sources */,
				95773DFF2634E738008E0419 /* SwiftExtensions.swift in Sources */,
			);
			runOnlyForDeploymentPostprocessing = 0;
		};
/* End PBXSourcesBuildPhase section */

/* Begin PBXTargetDependency section */
		952142E42633958B00F8E696 /* PBXTargetDependency */ = {
			isa = PBXTargetDependency;
			name = Antlr4;
			targetProxy = 952142E32633958B00F8E696 /* PBXContainerItemProxy */;
		};
/* End PBXTargetDependency section */

/* Begin XCBuildConfiguration section */
		952142B92633954600F8E696 /* Debug */ = {
			isa = XCBuildConfiguration;
			buildSettings = {
				ALWAYS_SEARCH_USER_PATHS = NO;
				CLANG_ANALYZER_NONNULL = YES;
				CLANG_ANALYZER_NUMBER_OBJECT_CONVERSION = YES_AGGRESSIVE;
				CLANG_CXX_LANGUAGE_STANDARD = "gnu++14";
				CLANG_CXX_LIBRARY = "libc++";
				CLANG_ENABLE_MODULES = YES;
				CLANG_ENABLE_OBJC_ARC = YES;
				CLANG_ENABLE_OBJC_WEAK = YES;
				CLANG_WARN_BLOCK_CAPTURE_AUTORELEASING = YES;
				CLANG_WARN_BOOL_CONVERSION = YES;
				CLANG_WARN_COMMA = YES;
				CLANG_WARN_CONSTANT_CONVERSION = YES;
				CLANG_WARN_DEPRECATED_OBJC_IMPLEMENTATIONS = YES;
				CLANG_WARN_DIRECT_OBJC_ISA_USAGE = YES_ERROR;
				CLANG_WARN_DOCUMENTATION_COMMENTS = YES;
				CLANG_WARN_EMPTY_BODY = YES;
				CLANG_WARN_ENUM_CONVERSION = YES;
				CLANG_WARN_INFINITE_RECURSION = YES;
				CLANG_WARN_INT_CONVERSION = YES;
				CLANG_WARN_NON_LITERAL_NULL_CONVERSION = YES;
				CLANG_WARN_OBJC_IMPLICIT_RETAIN_SELF = YES;
				CLANG_WARN_OBJC_LITERAL_CONVERSION = YES;
				CLANG_WARN_OBJC_ROOT_CLASS = YES_ERROR;
				CLANG_WARN_QUOTED_INCLUDE_IN_FRAMEWORK_HEADER = YES;
				CLANG_WARN_RANGE_LOOP_ANALYSIS = YES;
				CLANG_WARN_STRICT_PROTOTYPES = YES;
				CLANG_WARN_SUSPICIOUS_MOVE = YES;
				CLANG_WARN_UNGUARDED_AVAILABILITY = YES_AGGRESSIVE;
				CLANG_WARN_UNREACHABLE_CODE = YES;
				CLANG_WARN__DUPLICATE_METHOD_MATCH = YES;
				COPY_PHASE_STRIP = NO;
				DEBUG_INFORMATION_FORMAT = dwarf;
				ENABLE_STRICT_OBJC_MSGSEND = YES;
				ENABLE_TESTABILITY = YES;
				GCC_C_LANGUAGE_STANDARD = gnu11;
				GCC_DYNAMIC_NO_PIC = NO;
				GCC_NO_COMMON_BLOCKS = YES;
				GCC_OPTIMIZATION_LEVEL = 0;
				GCC_PREPROCESSOR_DEFINITIONS = (
					"DEBUG=1",
					"$(inherited)",
				);
				GCC_WARN_64_TO_32_BIT_CONVERSION = YES;
				GCC_WARN_ABOUT_RETURN_TYPE = YES_ERROR;
				GCC_WARN_UNDECLARED_SELECTOR = YES;
				GCC_WARN_UNINITIALIZED_AUTOS = YES_AGGRESSIVE;
				GCC_WARN_UNUSED_FUNCTION = YES;
				GCC_WARN_UNUSED_VARIABLE = YES;
				MACOSX_DEPLOYMENT_TARGET = 11.1;
				MTL_ENABLE_DEBUG_INFO = INCLUDE_SOURCE;
				MTL_FAST_MATH = YES;
				ONLY_ACTIVE_ARCH = YES;
				SDKROOT = macosx;
				SWIFT_ACTIVE_COMPILATION_CONDITIONS = DEBUG;
				SWIFT_OPTIMIZATION_LEVEL = "-Onone";
			};
			name = Debug;
		};
		952142BA2633954600F8E696 /* Release */ = {
			isa = XCBuildConfiguration;
			buildSettings = {
				ALWAYS_SEARCH_USER_PATHS = NO;
				CLANG_ANALYZER_NONNULL = YES;
				CLANG_ANALYZER_NUMBER_OBJECT_CONVERSION = YES_AGGRESSIVE;
				CLANG_CXX_LANGUAGE_STANDARD = "gnu++14";
				CLANG_CXX_LIBRARY = "libc++";
				CLANG_ENABLE_MODULES = YES;
				CLANG_ENABLE_OBJC_ARC = YES;
				CLANG_ENABLE_OBJC_WEAK = YES;
				CLANG_WARN_BLOCK_CAPTURE_AUTORELEASING = YES;
				CLANG_WARN_BOOL_CONVERSION = YES;
				CLANG_WARN_COMMA = YES;
				CLANG_WARN_CONSTANT_CONVERSION = YES;
				CLANG_WARN_DEPRECATED_OBJC_IMPLEMENTATIONS = YES;
				CLANG_WARN_DIRECT_OBJC_ISA_USAGE = YES_ERROR;
				CLANG_WARN_DOCUMENTATION_COMMENTS = YES;
				CLANG_WARN_EMPTY_BODY = YES;
				CLANG_WARN_ENUM_CONVERSION = YES;
				CLANG_WARN_INFINITE_RECURSION = YES;
				CLANG_WARN_INT_CONVERSION = YES;
				CLANG_WARN_NON_LITERAL_NULL_CONVERSION = YES;
				CLANG_WARN_OBJC_IMPLICIT_RETAIN_SELF = YES;
				CLANG_WARN_OBJC_LITERAL_CONVERSION = YES;
				CLANG_WARN_OBJC_ROOT_CLASS = YES_ERROR;
				CLANG_WARN_QUOTED_INCLUDE_IN_FRAMEWORK_HEADER = YES;
				CLANG_WARN_RANGE_LOOP_ANALYSIS = YES;
				CLANG_WARN_STRICT_PROTOTYPES = YES;
				CLANG_WARN_SUSPICIOUS_MOVE = YES;
				CLANG_WARN_UNGUARDED_AVAILABILITY = YES_AGGRESSIVE;
				CLANG_WARN_UNREACHABLE_CODE = YES;
				CLANG_WARN__DUPLICATE_METHOD_MATCH = YES;
				COPY_PHASE_STRIP = NO;
				DEBUG_INFORMATION_FORMAT = "dwarf-with-dsym";
				ENABLE_NS_ASSERTIONS = NO;
				ENABLE_STRICT_OBJC_MSGSEND = YES;
				GCC_C_LANGUAGE_STANDARD = gnu11;
				GCC_NO_COMMON_BLOCKS = YES;
				GCC_WARN_64_TO_32_BIT_CONVERSION = YES;
				GCC_WARN_ABOUT_RETURN_TYPE = YES_ERROR;
				GCC_WARN_UNDECLARED_SELECTOR = YES;
				GCC_WARN_UNINITIALIZED_AUTOS = YES_AGGRESSIVE;
				GCC_WARN_UNUSED_FUNCTION = YES;
				GCC_WARN_UNUSED_VARIABLE = YES;
				MACOSX_DEPLOYMENT_TARGET = 11.1;
				MTL_ENABLE_DEBUG_INFO = NO;
				MTL_FAST_MATH = YES;
				SDKROOT = macosx;
				SWIFT_COMPILATION_MODE = wholemodule;
				SWIFT_OPTIMIZATION_LEVEL = "-O";
			};
			name = Release;
		};
		952142BC2633954600F8E696 /* Debug */ = {
			isa = XCBuildConfiguration;
			buildSettings = {
				CODE_SIGN_IDENTITY = "Apple Development";
				CODE_SIGN_STYLE = Automatic;
				DEVELOPMENT_TEAM = 78CSEY7K5Q;
				ENABLE_HARDENED_RUNTIME = YES;
				PRODUCT_NAME = "$(TARGET_NAME)";
				SWIFT_VERSION = 5.0;
			};
			name = Debug;
		};
		952142BD2633954600F8E696 /* Release */ = {
			isa = XCBuildConfiguration;
			buildSettings = {
				CODE_SIGN_IDENTITY = "Apple Development";
				CODE_SIGN_STYLE = Automatic;
				DEVELOPMENT_TEAM = 78CSEY7K5Q;
				ENABLE_HARDENED_RUNTIME = YES;
				PRODUCT_NAME = "$(TARGET_NAME)";
				SWIFT_VERSION = 5.0;
			};
			name = Release;
		};
/* End XCBuildConfiguration section */

/* Begin XCConfigurationList section */
		952142AF2633954600F8E696 /* Build configuration list for PBXProject "OnlyLonely" */ = {
			isa = XCConfigurationList;
			buildConfigurations = (
				952142B92633954600F8E696 /* Debug */,
				952142BA2633954600F8E696 /* Release */,
			);
			defaultConfigurationIsVisible = 0;
			defaultConfigurationName = Release;
		};
		952142BB2633954600F8E696 /* Build configuration list for PBXNativeTarget "OnlyLonely" */ = {
			isa = XCConfigurationList;
			buildConfigurations = (
				952142BC2633954600F8E696 /* Debug */,
				952142BD2633954600F8E696 /* Release */,
			);
			defaultConfigurationIsVisible = 0;
			defaultConfigurationName = Release;
		};
/* End XCConfigurationList section */
	};
	rootObject = 952142AC2633954600F8E696 /* Project object */;
}
